
Microsoft Visual Studio Solution File, Format Version 12.00
# Visual Studio 15
VisualStudioVersion = 15.0.27703.2042
MinimumVisualStudioVersion = 10.0.40219.1
Project("{FAE04EC0-301F-11D3-BF4B-00C04F79EFBC}") = "bakkerij", "bakkerij\bakkerij.csproj", "{EF6E76D6-AC1F-4046-AE3A-06D4077ED5DF}"
EndProject
Project("{E53339B2-1760-4266-BCC7-CA923CBCF16C}") = "docker-compose", "docker-compose.dcproj", "{160D62F0-D1C1-48C1-A60E-FD6808D576F0}"
EndProject
Global
	GlobalSection(SolutionConfigurationPlatforms) = preSolution
		Debug|Any CPU = Debug|Any CPU
		Release|Any CPU = Release|Any CPU
	EndGlobalSection
	GlobalSection(ProjectConfigurationPlatforms) = postSolution
		{EF6E76D6-AC1F-4046-AE3A-06D4077ED5DF}.Debug|Any CPU.ActiveCfg = Debug|Any CPU
		{EF6E76D6-AC1F-4046-AE3A-06D4077ED5DF}.Debug|Any CPU.Build.0 = Debug|Any CPU
		{EF6E76D6-AC1F-4046-AE3A-06D4077ED5DF}.Release|Any CPU.ActiveCfg = Release|Any CPU
		{EF6E76D6-AC1F-4046-AE3A-06D4077ED5DF}.Release|Any CPU.Build.0 = Release|Any CPU
		{160D62F0-D1C1-48C1-A60E-FD6808D576F0}.Debug|Any CPU.ActiveCfg = Debug|Any CPU
		{160D62F0-D1C1-48C1-A60E-FD6808D576F0}.Debug|Any CPU.Build.0 = Debug|Any CPU
		{160D62F0-D1C1-48C1-A60E-FD6808D576F0}.Release|Any CPU.ActiveCfg = Release|Any CPU
		{160D62F0-D1C1-48C1-A60E-FD6808D576F0}.Release|Any CPU.Build.0 = Release|Any CPU
	EndGlobalSection
	GlobalSection(SolutionProperties) = preSolution
		HideSolutionNode = FALSE
	EndGlobalSection
	GlobalSection(ExtensibilityGlobals) = postSolution
		SolutionGuid = {64362ECE-64DC-45BE-9BDC-1ACC8007A65B}
	EndGlobalSection
EndGlobal
